
Microsoft Visual Studio Solution File, Format Version 12.00
# Visual Studio Version 17
VisualStudioVersion = 17.8.34525.116
MinimumVisualStudioVersion = 10.0.40219.1
Project("{FAE04EC0-301F-11D3-BF4B-00C04F79EFBC}") = "CleanArchitecture.WebAPI", "CleanArchitecture.WebAPI\CleanArchitecture.WebAPI.csproj", "{D13C9341-9AB0-40EA-9BA7-C32F277ED228}"
EndProject
Project("{FAE04EC0-301F-11D3-BF4B-00C04F79EFBC}") = "CleanArchitecture.Domain", "CleanArchitecture.Domain\CleanArchitecture.Domain.csproj", "{A401D4EA-BB6F-4372-98C4-3DE4D392771D}"
EndProject
Project("{FAE04EC0-301F-11D3-BF4B-00C04F79EFBC}") = "CleanArchitecture.Application", "CleanArchitecture.Application\CleanArchitecture.Application.csproj", "{0D5F30EB-C8E6-4CDF-8223-AC7D9F2AAE9C}"
EndProject
Project("{FAE04EC0-301F-11D3-BF4B-00C04F79EFBC}") = "CleanArchitecture.Infrastructure", "CleanArchitecture.Infrastructure\CleanArchitecture.Infrastructure.csproj", "{AC9D956D-D08F-4472-88BB-A2AD5C8359C3}"
EndProject
Global
	GlobalSection(SolutionConfigurationPlatforms) = preSolution
		Debug|Any CPU = Debug|Any CPU
		Release|Any CPU = Release|Any CPU
	EndGlobalSection
	GlobalSection(ProjectConfigurationPlatforms) = postSolution
		{D13C9341-9AB0-40EA-9BA7-C32F277ED228}.Debug|Any CPU.ActiveCfg = Debug|Any CPU
		{D13C9341-9AB0-40EA-9BA7-C32F277ED228}.Debug|Any CPU.Build.0 = Debug|Any CPU
		{D13C9341-9AB0-40EA-9BA7-C32F277ED228}.Release|Any CPU.ActiveCfg = Release|Any CPU
		{D13C9341-9AB0-40EA-9BA7-C32F277ED228}.Release|Any CPU.Build.0 = Release|Any CPU
		{A401D4EA-BB6F-4372-98C4-3DE4D392771D}.Debug|Any CPU.ActiveCfg = Debug|Any CPU
		{A401D4EA-BB6F-4372-98C4-3DE4D392771D}.Debug|Any CPU.Build.0 = Debug|Any CPU
		{A401D4EA-BB6F-4372-98C4-3DE4D392771D}.Release|Any CPU.ActiveCfg = Release|Any CPU
		{A401D4EA-BB6F-4372-98C4-3DE4D392771D}.Release|Any CPU.Build.0 = Release|Any CPU
		{0D5F30EB-C8E6-4CDF-8223-AC7D9F2AAE9C}.Debug|Any CPU.ActiveCfg = Debug|Any CPU
		{0D5F30EB-C8E6-4CDF-8223-AC7D9F2AAE9C}.Debug|Any CPU.Build.0 = Debug|Any CPU
		{0D5F30EB-C8E6-4CDF-8223-AC7D9F2AAE9C}.Release|Any CPU.ActiveCfg = Release|Any CPU
		{0D5F30EB-C8E6-4CDF-8223-AC7D9F2AAE9C}.Release|Any CPU.Build.0 = Release|Any CPU
		{AC9D956D-D08F-4472-88BB-A2AD5C8359C3}.Debug|Any CPU.ActiveCfg = Debug|Any CPU
		{AC9D956D-D08F-4472-88BB-A2AD5C8359C3}.Debug|Any CPU.Build.0 = Debug|Any CPU
		{AC9D956D-D08F-4472-88BB-A2AD5C8359C3}.Release|Any CPU.ActiveCfg = Release|Any CPU
		{AC9D956D-D08F-4472-88BB-A2AD5C8359C3}.Release|Any CPU.Build.0 = Release|Any CPU
	EndGlobalSection
	GlobalSection(SolutionProperties) = preSolution
		HideSolutionNode = FALSE
	EndGlobalSection
	GlobalSection(ExtensibilityGlobals) = postSolution
		SolutionGuid = {4BC34ED4-E412-47F1-BAAB-DC5401AF4EBC}
	EndGlobalSection
EndGlobal
